
Microsoft Visual Studio Solution File, Format Version 12.00
# Visual Studio Version 16
VisualStudioVersion = 16.0.31702.278
MinimumVisualStudioVersion = 10.0.40219.1
Project("{FAE04EC0-301F-11D3-BF4B-00C04F79EFBC}") = "ImagensAleatorias", "ImagensAleatorias\ImagensAleatorias.csproj", "{15CC9730-6847-44E1-B397-006B36BB0E82}"
EndProject
Global
	GlobalSection(SolutionConfigurationPlatforms) = preSolution
		Debug|Any CPU = Debug|Any CPU
		Release|Any CPU = Release|Any CPU
	EndGlobalSection
	GlobalSection(ProjectConfigurationPlatforms) = postSolution
		{15CC9730-6847-44E1-B397-006B36BB0E82}.Debug|Any CPU.ActiveCfg = Debug|Any CPU
		{15CC9730-6847-44E1-B397-006B36BB0E82}.Debug|Any CPU.Build.0 = Debug|Any CPU
		{15CC9730-6847-44E1-B397-006B36BB0E82}.Release|Any CPU.ActiveCfg = Release|Any CPU
		{15CC9730-6847-44E1-B397-006B36BB0E82}.Release|Any CPU.Build.0 = Release|Any CPU
	EndGlobalSection
	GlobalSection(SolutionProperties) = preSolution
		HideSolutionNode = FALSE
	EndGlobalSection
	GlobalSection(ExtensibilityGlobals) = postSolution
		SolutionGuid = {3358C968-43E4-4297-A647-F73164DFE7D1}
	EndGlobalSection
EndGlobal
